
Microsoft Visual Studio Solution File, Format Version 12.00
# Visual Studio Version 17
VisualStudioVersion = 17.14.36408.4 d17.14
MinimumVisualStudioVersion = 10.0.40219.1
Project("{FAE04EC0-301F-11D3-BF4B-00C04F79EFBC}") = "TaskFlow.Api", "TaskFlow.Api.csproj", "{530B1E02-A136-4B90-94F5-2CBEFA654FDA}"
EndProject
Global
	GlobalSection(SolutionConfigurationPlatforms) = preSolution
		Debug|Any CPU = Debug|Any CPU
		Release|Any CPU = Release|Any CPU
	EndGlobalSection
	GlobalSection(ProjectConfigurationPlatforms) = postSolution
		{530B1E02-A136-4B90-94F5-2CBEFA654FDA}.Debug|Any CPU.ActiveCfg = Debug|Any CPU
		{530B1E02-A136-4B90-94F5-2CBEFA654FDA}.Debug|Any CPU.Build.0 = Debug|Any CPU
		{530B1E02-A136-4B90-94F5-2CBEFA654FDA}.Release|Any CPU.ActiveCfg = Release|Any CPU
		{530B1E02-A136-4B90-94F5-2CBEFA654FDA}.Release|Any CPU.Build.0 = Release|Any CPU
	EndGlobalSection
	GlobalSection(SolutionProperties) = preSolution
		HideSolutionNode = FALSE
	EndGlobalSection
	GlobalSection(ExtensibilityGlobals) = postSolution
		SolutionGuid = {85411BE7-6563-4247-99FB-4C50A9B30E0B}
	EndGlobalSection
EndGlobal
